
Microsoft Visual Studio Solution File, Format Version 12.00
# Visual Studio Version 17
VisualStudioVersion = 17.8.34309.116
MinimumVisualStudioVersion = 10.0.40219.1
Project("{9A19103F-16F7-4668-BE54-9A1E7A4F7556}") = "StrategyPattern", "StrategyPattern\StrategyPattern.csproj", "{BE5D0337-65CE-4DF8-9587-B2134E8F679C}"
EndProject
Project("{9A19103F-16F7-4668-BE54-9A1E7A4F7556}") = "ObserverPattern", "..\ObserverPattern\ObserverPattern\ObserverPattern.csproj", "{7F3033A8-135F-4B69-8912-C7EAB488D1E2}"
EndProject
Project("{9A19103F-16F7-4668-BE54-9A1E7A4F7556}") = "FactoryPattern", "..\FactoryPattern\FactoryPattern\FactoryPattern.csproj", "{458453BE-702C-4B79-8E82-B166218C7C12}"
EndProject
Project("{9A19103F-16F7-4668-BE54-9A1E7A4F7556}") = "designpattern_bridge", "..\designpattern_bridge\designpattern_bridge\designpattern_bridge.csproj", "{889EC158-1D45-4ECF-9597-5457E0C2B21B}"
EndProject
Project("{9A19103F-16F7-4668-BE54-9A1E7A4F7556}") = "Corbeille", "..\Corbeille\Corbeille\Corbeille.csproj", "{42993B92-D250-406F-BA43-35ECFFEAC705}"
EndProject
Global
	GlobalSection(SolutionConfigurationPlatforms) = preSolution
		Debug|Any CPU = Debug|Any CPU
		Release|Any CPU = Release|Any CPU
	EndGlobalSection
	GlobalSection(ProjectConfigurationPlatforms) = postSolution
		{BE5D0337-65CE-4DF8-9587-B2134E8F679C}.Debug|Any CPU.ActiveCfg = Debug|Any CPU
		{BE5D0337-65CE-4DF8-9587-B2134E8F679C}.Debug|Any CPU.Build.0 = Debug|Any CPU
		{BE5D0337-65CE-4DF8-9587-B2134E8F679C}.Release|Any CPU.ActiveCfg = Release|Any CPU
		{BE5D0337-65CE-4DF8-9587-B2134E8F679C}.Release|Any CPU.Build.0 = Release|Any CPU
		{7F3033A8-135F-4B69-8912-C7EAB488D1E2}.Debug|Any CPU.ActiveCfg = Debug|Any CPU
		{7F3033A8-135F-4B69-8912-C7EAB488D1E2}.Debug|Any CPU.Build.0 = Debug|Any CPU
		{7F3033A8-135F-4B69-8912-C7EAB488D1E2}.Release|Any CPU.ActiveCfg = Release|Any CPU
		{7F3033A8-135F-4B69-8912-C7EAB488D1E2}.Release|Any CPU.Build.0 = Release|Any CPU
		{458453BE-702C-4B79-8E82-B166218C7C12}.Debug|Any CPU.ActiveCfg = Debug|Any CPU
		{458453BE-702C-4B79-8E82-B166218C7C12}.Debug|Any CPU.Build.0 = Debug|Any CPU
		{458453BE-702C-4B79-8E82-B166218C7C12}.Release|Any CPU.ActiveCfg = Release|Any CPU
		{458453BE-702C-4B79-8E82-B166218C7C12}.Release|Any CPU.Build.0 = Release|Any CPU
		{889EC158-1D45-4ECF-9597-5457E0C2B21B}.Debug|Any CPU.ActiveCfg = Debug|Any CPU
		{889EC158-1D45-4ECF-9597-5457E0C2B21B}.Debug|Any CPU.Build.0 = Debug|Any CPU
		{889EC158-1D45-4ECF-9597-5457E0C2B21B}.Release|Any CPU.ActiveCfg = Release|Any CPU
		{889EC158-1D45-4ECF-9597-5457E0C2B21B}.Release|Any CPU.Build.0 = Release|Any CPU
		{42993B92-D250-406F-BA43-35ECFFEAC705}.Debug|Any CPU.ActiveCfg = Debug|Any CPU
		{42993B92-D250-406F-BA43-35ECFFEAC705}.Debug|Any CPU.Build.0 = Debug|Any CPU
		{42993B92-D250-406F-BA43-35ECFFEAC705}.Release|Any CPU.ActiveCfg = Release|Any CPU
		{42993B92-D250-406F-BA43-35ECFFEAC705}.Release|Any CPU.Build.0 = Release|Any CPU
	EndGlobalSection
	GlobalSection(SolutionProperties) = preSolution
		HideSolutionNode = FALSE
	EndGlobalSection
	GlobalSection(ExtensibilityGlobals) = postSolution
		SolutionGuid = {BE57A866-4EA0-4BF1-8D70-981FDFF4967D}
	EndGlobalSection
EndGlobal
